
Microsoft Visual Studio Solution File, Format Version 12.00
# Visual Studio Version 16
VisualStudioVersion = 16.0.31205.134
MinimumVisualStudioVersion = 10.0.40219.1
Project("{FAE04EC0-301F-11D3-BF4B-00C04F79EFBC}") = "SDETChallengeAddressGenerator", "SDETChallengeAddressGenerator\SDETChallengeAddressGenerator.csproj", "{45BADDAD-8C43-4973-AA0E-E4A81FAE0389}"
EndProject
Global
	GlobalSection(SolutionConfigurationPlatforms) = preSolution
		Debug|Any CPU = Debug|Any CPU
		Release|Any CPU = Release|Any CPU
	EndGlobalSection
	GlobalSection(ProjectConfigurationPlatforms) = postSolution
		{45BADDAD-8C43-4973-AA0E-E4A81FAE0389}.Debug|Any CPU.ActiveCfg = Debug|Any CPU
		{45BADDAD-8C43-4973-AA0E-E4A81FAE0389}.Debug|Any CPU.Build.0 = Debug|Any CPU
		{45BADDAD-8C43-4973-AA0E-E4A81FAE0389}.Release|Any CPU.ActiveCfg = Release|Any CPU
		{45BADDAD-8C43-4973-AA0E-E4A81FAE0389}.Release|Any CPU.Build.0 = Release|Any CPU
	EndGlobalSection
	GlobalSection(SolutionProperties) = preSolution
		HideSolutionNode = FALSE
	EndGlobalSection
	GlobalSection(ExtensibilityGlobals) = postSolution
		SolutionGuid = {FDF7596E-4DBF-45E0-B877-30106DB9D8E5}
	EndGlobalSection
EndGlobal
